
Microsoft Visual Studio Solution File, Format Version 12.00
# Visual Studio Version 16
VisualStudioVersion = 16.0.31112.23
MinimumVisualStudioVersion = 10.0.40219.1
Project("{FAE04EC0-301F-11D3-BF4B-00C04F79EFBC}") = "TwoDimensionalArray", "TwoDimensionalArray\TwoDimensionalArray.csproj", "{70D63D7D-5A23-4ACC-9F4A-34C5DCAC576A}"
EndProject
Global
	GlobalSection(SolutionConfigurationPlatforms) = preSolution
		Debug|Any CPU = Debug|Any CPU
		Release|Any CPU = Release|Any CPU
	EndGlobalSection
	GlobalSection(ProjectConfigurationPlatforms) = postSolution
		{70D63D7D-5A23-4ACC-9F4A-34C5DCAC576A}.Debug|Any CPU.ActiveCfg = Debug|Any CPU
		{70D63D7D-5A23-4ACC-9F4A-34C5DCAC576A}.Debug|Any CPU.Build.0 = Debug|Any CPU
		{70D63D7D-5A23-4ACC-9F4A-34C5DCAC576A}.Release|Any CPU.ActiveCfg = Release|Any CPU
		{70D63D7D-5A23-4ACC-9F4A-34C5DCAC576A}.Release|Any CPU.Build.0 = Release|Any CPU
	EndGlobalSection
	GlobalSection(SolutionProperties) = preSolution
		HideSolutionNode = FALSE
	EndGlobalSection
	GlobalSection(ExtensibilityGlobals) = postSolution
		SolutionGuid = {37DA6D7E-AAF7-494D-A523-E728B612406A}
	EndGlobalSection
EndGlobal
